{
  "requires": true,
  "lockfileVersion": 1,
  "dependencies": {
    "quasar-framework": {
      "version": "0.15.10",
      "resolved": "https://registry.npmjs.org/quasar-framework/-/quasar-framework-0.15.10.tgz",
      "integrity": "sha512-+R2O8EE2vQHHm0ioa3s28wyJzpZy4MvIlr+HcHoT6qU7K/YW6qcRMBzTsdx1i5KoEQRfHukl8ZOmKssxpLHSGw==",
      "dev": true
    }
  }
}
